
Microsoft Visual Studio Solution File, Format Version 12.00
# Visual Studio 14
VisualStudioVersion = 14.0.25420.1
MinimumVisualStudioVersion = 10.0.40219.1
Project("{FAE04EC0-301F-11D3-BF4B-00C04F79EFBC}") = "DerivedXmlSerializer", "DerivedXmlSerializer\DerivedXmlSerializer.csproj", "{E6AA4B45-7F44-4F72-9E4E-1C76BCCEA7DC}"
EndProject
Project("{FAE04EC0-301F-11D3-BF4B-00C04F79EFBC}") = "DerivedXmlSerializer.Tests", "DerivedXmlSerializer.Tests\DerivedXmlSerializer.Tests.csproj", "{241483DB-4C93-4972-B518-C0D32FFBE709}"
EndProject
Global
	GlobalSection(SolutionConfigurationPlatforms) = preSolution
		Debug|Any CPU = Debug|Any CPU
		Release|Any CPU = Release|Any CPU
	EndGlobalSection
	GlobalSection(ProjectConfigurationPlatforms) = postSolution
		{E6AA4B45-7F44-4F72-9E4E-1C76BCCEA7DC}.Debug|Any CPU.ActiveCfg = Debug|Any CPU
		{E6AA4B45-7F44-4F72-9E4E-1C76BCCEA7DC}.Debug|Any CPU.Build.0 = Debug|Any CPU
		{E6AA4B45-7F44-4F72-9E4E-1C76BCCEA7DC}.Release|Any CPU.ActiveCfg = Release|Any CPU
		{E6AA4B45-7F44-4F72-9E4E-1C76BCCEA7DC}.Release|Any CPU.Build.0 = Release|Any CPU
		{241483DB-4C93-4972-B518-C0D32FFBE709}.Debug|Any CPU.ActiveCfg = Debug|Any CPU
		{241483DB-4C93-4972-B518-C0D32FFBE709}.Debug|Any CPU.Build.0 = Debug|Any CPU
		{241483DB-4C93-4972-B518-C0D32FFBE709}.Release|Any CPU.ActiveCfg = Release|Any CPU
		{241483DB-4C93-4972-B518-C0D32FFBE709}.Release|Any CPU.Build.0 = Release|Any CPU
	EndGlobalSection
	GlobalSection(SolutionProperties) = preSolution
		HideSolutionNode = FALSE
	EndGlobalSection
EndGlobal
